
Microsoft Visual Studio Solution File, Format Version 12.00
# Visual Studio Version 16
VisualStudioVersion = 16.0.31205.134
MinimumVisualStudioVersion = 10.0.40219.1
Project("{9A19103F-16F7-4668-BE54-9A1E7A4F7556}") = "ChatApp", "ChatApp\ChatApp.csproj", "{EDF9A894-DC49-43BD-8BA7-F8D2D2ABE994}"
EndProject
Global
	GlobalSection(SolutionConfigurationPlatforms) = preSolution
		Debug|Any CPU = Debug|Any CPU
		Release|Any CPU = Release|Any CPU
	EndGlobalSection
	GlobalSection(ProjectConfigurationPlatforms) = postSolution
		{EDF9A894-DC49-43BD-8BA7-F8D2D2ABE994}.Debug|Any CPU.ActiveCfg = Debug|Any CPU
		{EDF9A894-DC49-43BD-8BA7-F8D2D2ABE994}.Debug|Any CPU.Build.0 = Debug|Any CPU
		{EDF9A894-DC49-43BD-8BA7-F8D2D2ABE994}.Release|Any CPU.ActiveCfg = Release|Any CPU
		{EDF9A894-DC49-43BD-8BA7-F8D2D2ABE994}.Release|Any CPU.Build.0 = Release|Any CPU
	EndGlobalSection
	GlobalSection(SolutionProperties) = preSolution
		HideSolutionNode = FALSE
	EndGlobalSection
	GlobalSection(ExtensibilityGlobals) = postSolution
		SolutionGuid = {64C5D686-518E-4114-BA0B-F51472F9D0AE}
	EndGlobalSection
EndGlobal
